{
  "name": "8_removendo_pacotes",
  "version": "1.0.0",
  "lockfileVersion": 3,
  "requires": true,
  "packages": {
    "": {
      "name": "8_removendo_pacotes",
      "version": "1.0.0",
      "license": "ISC"
    },
    "C:/Users/marco/AppData/Roaming/npm/node_modules/lodash": {
      "version": "4.17.21",
      "extraneous": true,
      "license": "MIT"
    }
  }
}
